// !$*UTF8*$!
{
	archiveVersion = 1;
	classes = {
	};
	objectVersion = 50;
	objects = {

/* Begin PBXBuildFile section */
		320275B22648C07B005DC905 /* AppDelegate.swift in Sources */ = {isa = PBXBuildFile; fileRef = 320275B12648C07B005DC905 /* AppDelegate.swift */; };
		320275B42648C07B005DC905 /* SceneDelegate.swift in Sources */ = {isa = PBXBuildFile; fileRef = 320275B32648C07B005DC905 /* SceneDelegate.swift */; };
		320275B62648C07B005DC905 /* ViewController.swift in Sources */ = {isa = PBXBuildFile; fileRef = 320275B52648C07B005DC905 /* ViewController.swift */; };
		320275B92648C07B005DC905 /* Main.storyboard in Resources */ = {isa = PBXBuildFile; fileRef = 320275B72648C07B005DC905 /* Main.storyboard */; };
		320275BB2648C07F005DC905 /* Assets.xcassets in Resources */ = {isa = PBXBuildFile; fileRef = 320275BA2648C07F005DC905 /* Assets.xcassets */; };
		320275BE2648C07F005DC905 /* LaunchScreen.storyboard in Resources */ = {isa = PBXBuildFile; fileRef = 320275BC2648C07F005DC905 /* LaunchScreen.storyboard */; };
		320275C92648C080005DC905 /* firestore_sample_appTests.swift in Sources */ = {isa = PBXBuildFile; fileRef = 320275C82648C080005DC905 /* firestore_sample_appTests.swift */; };
		320275D42648C080005DC905 /* firestore_sample_appUITests.swift in Sources */ = {isa = PBXBuildFile; fileRef = 320275D32648C080005DC905 /* firestore_sample_appUITests.swift */; };
		7EC03D6B77E1B8DB26E563B7 /* Pods_firestore_sample_app.framework in Frameworks */ = {isa = PBXBuildFile; fileRef = C33B79D7C8889A152D98BFAD /* Pods_firestore_sample_app.framework */; };
		CE1F023982BD20E6270AD823 /* Pods_firestore_sample_app_firestore_sample_appUITests.framework in Frameworks */ = {isa = PBXBuildFile; fileRef = EE4EF6EE8ADBE07B9AB0721E /* Pods_firestore_sample_app_firestore_sample_appUITests.framework */; };
		DBC4D282D5C12844E95C4C30 /* Pods_firestore_sample_appTests.framework in Frameworks */ = {isa = PBXBuildFile; fileRef = 34FE43BC733E2EBB7FB839C6 /* Pods_firestore_sample_appTests.framework */; };
/* End PBXBuildFile section */

/* Begin PBXContainerItemProxy section */
		320275C52648C080005DC905 /* PBXContainerItemProxy */ = {
			isa = PBXContainerItemProxy;
			containerPortal = 320275A62648C07B005DC905 /* Project object */;
			proxyType = 1;
			remoteGlobalIDString = 320275AD2648C07B005DC905;
			remoteInfo = "firestore-sample-app";
		};
		320275D02648C080005DC905 /* PBXContainerItemProxy */ = {
			isa = PBXContainerItemProxy;
			containerPortal = 320275A62648C07B005DC905 /* Project object */;
			proxyType = 1;
			remoteGlobalIDString = 320275AD2648C07B005DC905;
			remoteInfo = "firestore-sample-app";
		};
/* End PBXContainerItemProxy section */

/* Begin PBXFileReference section */
		320275AE2648C07B005DC905 /* firestore-sample-app.app */ = {isa = PBXFileReference; explicitFileType = wrapper.application; includeInIndex = 0; path = "firestore-sample-app.app"; sourceTree = BUILT_PRODUCTS_DIR; };
		320275B12648C07B005DC905 /* AppDelegate.swift */ = {isa = PBXFileReference; lastKnownFileType = sourcecode.swift; path = AppDelegate.swift; sourceTree = "<group>"; };
		320275B32648C07B005DC905 /* SceneDelegate.swift */ = {isa = PBXFileReference; lastKnownFileType = sourcecode.swift; path = SceneDelegate.swift; sourceTree = "<group>"; };
		320275B52648C07B005DC905 /* ViewController.swift */ = {isa = PBXFileReference; lastKnownFileType = sourcecode.swift; path = ViewController.swift; sourceTree = "<group>"; };
		320275B82648C07B005DC905 /* Base */ = {isa = PBXFileReference; lastKnownFileType = file.storyboard; name = Base; path = Base.lproj/Main.storyboard; sourceTree = "<group>"; };
		320275BA2648C07F005DC905 /* Assets.xcassets */ = {isa = PBXFileReference; lastKnownFileType = folder.assetcatalog; path = Assets.xcassets; sourceTree = "<group>"; };
		320275BD2648C07F005DC905 /* Base */ = {isa = PBXFileReference; lastKnownFileType = file.storyboard; name = Base; path = Base.lproj/LaunchScreen.storyboard; sourceTree = "<group>"; };
		320275BF2648C07F005DC905 /* Info.plist */ = {isa = PBXFileReference; lastKnownFileType = text.plist.xml; path = Info.plist; sourceTree = "<group>"; };
		320275C42648C080005DC905 /* firestore-sample-appTests.xctest */ = {isa = PBXFileReference; explicitFileType = wrapper.cfbundle; includeInIndex = 0; path = "firestore-sample-appTests.xctest"; sourceTree = BUILT_PRODUCTS_DIR; };
		320275C82648C080005DC905 /* firestore_sample_appTests.swift */ = {isa = PBXFileReference; lastKnownFileType = sourcecode.swift; path = firestore_sample_appTests.swift; sourceTree = "<group>"; };
		320275CA2648C080005DC905 /* Info.plist */ = {isa = PBXFileReference; lastKnownFileType = text.plist.xml; path = Info.plist; sourceTree = "<group>"; };
		320275CF2648C080005DC905 /* firestore-sample-appUITests.xctest */ = {isa = PBXFileReference; explicitFileType = wrapper.cfbundle; includeInIndex = 0; path = "firestore-sample-appUITests.xctest"; sourceTree = BUILT_PRODUCTS_DIR; };
		320275D32648C080005DC905 /* firestore_sample_appUITests.swift */ = {isa = PBXFileReference; lastKnownFileType = sourcecode.swift; path = firestore_sample_appUITests.swift; sourceTree = "<group>"; };
		320275D52648C080005DC905 /* Info.plist */ = {isa = PBXFileReference; lastKnownFileType = text.plist.xml; path = Info.plist; sourceTree = "<group>"; };
		34FE43BC733E2EBB7FB839C6 /* Pods_firestore_sample_appTests.framework */ = {isa = PBXFileReference; explicitFileType = wrapper.framework; includeInIndex = 0; path = Pods_firestore_sample_appTests.framework; sourceTree = BUILT_PRODUCTS_DIR; };
		A28896BDF5CF729C2C948EA7 /* Pods-firestore-sample-app-firestore-sample-appUITests.debug.xcconfig */ = {isa = PBXFileReference; includeInIndex = 1; lastKnownFileType = text.xcconfig; name = "Pods-firestore-sample-app-firestore-sample-appUITests.debug.xcconfig"; path = "Target Support Files/Pods-firestore-sample-app-firestore-sample-appUITests/Pods-firestore-sample-app-firestore-sample-appUITests.debug.xcconfig"; sourceTree = "<group>"; };
		B1E8E09B9683E680BE92EAF0 /* Pods-firestore-sample-app.release.xcconfig */ = {isa = PBXFileReference; includeInIndex = 1; lastKnownFileType = text.xcconfig; name = "Pods-firestore-sample-app.release.xcconfig"; path = "Target Support Files/Pods-firestore-sample-app/Pods-firestore-sample-app.release.xcconfig"; sourceTree = "<group>"; };
		BA8851A1BD8D7924766B994D /* Pods-firestore-sample-appTests.release.xcconfig */ = {isa = PBXFileReference; includeInIndex = 1; lastKnownFileType = text.xcconfig; name = "Pods-firestore-sample-appTests.release.xcconfig"; path = "Target Support Files/Pods-firestore-sample-appTests/Pods-firestore-sample-appTests.release.xcconfig"; sourceTree = "<group>"; };
		C33B79D7C8889A152D98BFAD /* Pods_firestore_sample_app.framework */ = {isa = PBXFileReference; explicitFileType = wrapper.framework; includeInIndex = 0; path = Pods_firestore_sample_app.framework; sourceTree = BUILT_PRODUCTS_DIR; };
		CACCB9A7EA743ABE9A006794 /* Pods-firestore-sample-appTests.debug.xcconfig */ = {isa = PBXFileReference; includeInIndex = 1; lastKnownFileType = text.xcconfig; name = "Pods-firestore-sample-appTests.debug.xcconfig"; path = "Target Support Files/Pods-firestore-sample-appTests/Pods-firestore-sample-appTests.debug.xcconfig"; sourceTree = "<group>"; };
		D35574730DBCB612840C4D31 /* Pods-firestore-sample-app.debug.xcconfig */ = {isa = PBXFileReference; includeInIndex = 1; lastKnownFileType = text.xcconfig; name = "Pods-firestore-sample-app.debug.xcconfig"; path = "Target Support Files/Pods-firestore-sample-app/Pods-firestore-sample-app.debug.xcconfig"; sourceTree = "<group>"; };
		EE4EF6EE8ADBE07B9AB0721E /* Pods_firestore_sample_app_firestore_sample_appUITests.framework */ = {isa = PBXFileReference; explicitFileType = wrapper.framework; includeInIndex = 0; path = Pods_firestore_sample_app_firestore_sample_appUITests.framework; sourceTree = BUILT_PRODUCTS_DIR; };
		FC54C57B6C8C66E8627CC962 /* Pods-firestore-sample-app-firestore-sample-appUITests.release.xcconfig */ = {isa = PBXFileReference; includeInIndex = 1; lastKnownFileType = text.xcconfig; name = "Pods-firestore-sample-app-firestore-sample-appUITests.release.xcconfig"; path = "Target Support Files/Pods-firestore-sample-app-firestore-sample-appUITests/Pods-firestore-sample-app-firestore-sample-appUITests.release.xcconfig"; sourceTree = "<group>"; };
/* End PBXFileReference section */

/* Begin PBXFrameworksBuildPhase section */
		320275AB2648C07B005DC905 /* Frameworks */ = {
			isa = PBXFrameworksBuildPhase;
			buildActionMask = 2147483647;
			files = (
				7EC03D6B77E1B8DB26E563B7 /* Pods_firestore_sample_app.framework in Frameworks */,
			);
			runOnlyForDeploymentPostprocessing = 0;
		};
		320275C12648C080005DC905 /* Frameworks */ = {
			isa = PBXFrameworksBuildPhase;
			buildActionMask = 2147483647;
			files = (
				DBC4D282D5C12844E95C4C30 /* Pods_firestore_sample_appTests.framework in Frameworks */,
			);
			runOnlyForDeploymentPostprocessing = 0;
		};
		320275CC2648C080005DC905 /* Frameworks */ = {
			isa = PBXFrameworksBuildPhase;
			buildActionMask = 2147483647;
			files = (
				CE1F023982BD20E6270AD823 /* Pods_firestore_sample_app_firestore_sample_appUITests.framework in Frameworks */,
			);
			runOnlyForDeploymentPostprocessing = 0;
		};
/* End PBXFrameworksBuildPhase section */

/* Begin PBXGroup section */
		320275A52648C07B005DC905 = {
			isa = PBXGroup;
			children = (
				320275B02648C07B005DC905 /* firestore-sample-app */,
				320275C72648C080005DC905 /* firestore-sample-appTests */,
				320275D22648C080005DC905 /* firestore-sample-appUITests */,
				320275AF2648C07B005DC905 /* Products */,
				CE62BB6B30D8CF0E08D61405 /* Pods */,
				92D6738C60BAFD453005C157 /* Frameworks */,
			);
			sourceTree = "<group>";
		};
		320275AF2648C07B005DC905 /* Products */ = {
			isa = PBXGroup;
			children = (
				320275AE2648C07B005DC905 /* firestore-sample-app.app */,
				320275C42648C080005DC905 /* firestore-sample-appTests.xctest */,
				320275CF2648C080005DC905 /* firestore-sample-appUITests.xctest */,
			);
			name = Products;
			sourceTree = "<group>";
		};
		320275B02648C07B005DC905 /* firestore-sample-app */ = {
			isa = PBXGroup;
			children = (
				320275B12648C07B005DC905 /* AppDelegate.swift */,
				320275B32648C07B005DC905 /* SceneDelegate.swift */,
				320275B52648C07B005DC905 /* ViewController.swift */,
				320275B72648C07B005DC905 /* Main.storyboard */,
				320275BA2648C07F005DC905 /* Assets.xcassets */,
				320275BC2648C07F005DC905 /* LaunchScreen.storyboard */,
				320275BF2648C07F005DC905 /* Info.plist */,
			);
			path = "firestore-sample-app";
			sourceTree = "<group>";
		};
		320275C72648C080005DC905 /* firestore-sample-appTests */ = {
			isa = PBXGroup;
			children = (
				320275C82648C080005DC905 /* firestore_sample_appTests.swift */,
				320275CA2648C080005DC905 /* Info.plist */,
			);
			path = "firestore-sample-appTests";
			sourceTree = "<group>";
		};
		320275D22648C080005DC905 /* firestore-sample-appUITests */ = {
			isa = PBXGroup;
			children = (
				320275D32648C080005DC905 /* firestore_sample_appUITests.swift */,
				320275D52648C080005DC905 /* Info.plist */,
			);
			path = "firestore-sample-appUITests";
			sourceTree = "<group>";
		};
		92D6738C60BAFD453005C157 /* Frameworks */ = {
			isa = PBXGroup;
			children = (
				C33B79D7C8889A152D98BFAD /* Pods_firestore_sample_app.framework */,
				EE4EF6EE8ADBE07B9AB0721E /* Pods_firestore_sample_app_firestore_sample_appUITests.framework */,
				34FE43BC733E2EBB7FB839C6 /* Pods_firestore_sample_appTests.framework */,
			);
			name = Frameworks;
			sourceTree = "<group>";
		};
		CE62BB6B30D8CF0E08D61405 /* Pods */ = {
			isa = PBXGroup;
			children = (
				D35574730DBCB612840C4D31 /* Pods-firestore-sample-app.debug.xcconfig */,
				B1E8E09B9683E680BE92EAF0 /* Pods-firestore-sample-app.release.xcconfig */,
				A28896BDF5CF729C2C948EA7 /* Pods-firestore-sample-app-firestore-sample-appUITests.debug.xcconfig */,
				FC54C57B6C8C66E8627CC962 /* Pods-firestore-sample-app-firestore-sample-appUITests.release.xcconfig */,
				CACCB9A7EA743ABE9A006794 /* Pods-firestore-sample-appTests.debug.xcconfig */,
				BA8851A1BD8D7924766B994D /* Pods-firestore-sample-appTests.release.xcconfig */,
			);
			name = Pods;
			path = Pods;
			sourceTree = "<group>";
		};
/* End PBXGroup section */

/* Begin PBXNativeTarget section */
		320275AD2648C07B005DC905 /* firestore-sample-app */ = {
			isa = PBXNativeTarget;
			buildConfigurationList = 320275D82648C080005DC905 /* Build configuration list for PBXNativeTarget "firestore-sample-app" */;
			buildPhases = (
				9170D3FC8B577CE340CE724B /* [CP] Check Pods Manifest.lock */,
				320275AA2648C07B005DC905 /* Sources */,
				320275AB2648C07B005DC905 /* Frameworks */,
				320275AC2648C07B005DC905 /* Resources */,
				39A4CF8230B91F25499409C9 /* [CP] Embed Pods Frameworks */,
			);
			buildRules = (
			);
			dependencies = (
			);
			name = "firestore-sample-app";
			productName = "firestore-sample-app";
			productReference = 320275AE2648C07B005DC905 /* firestore-sample-app.app */;
			productType = "com.apple.product-type.application";
		};
		320275C32648C080005DC905 /* firestore-sample-appTests */ = {
			isa = PBXNativeTarget;
			buildConfigurationList = 320275DB2648C080005DC905 /* Build configuration list for PBXNativeTarget "firestore-sample-appTests" */;
			buildPhases = (
				28AA006DE8DF337075697D75 /* [CP] Check Pods Manifest.lock */,
				320275C02648C080005DC905 /* Sources */,
				320275C12648C080005DC905 /* Frameworks */,
				320275C22648C080005DC905 /* Resources */,
			);
			buildRules = (
			);
			dependencies = (
				320275C62648C080005DC905 /* PBXTargetDependency */,
			);
			name = "firestore-sample-appTests";
			productName = "firestore-sample-appTests";
			productReference = 320275C42648C080005DC905 /* firestore-sample-appTests.xctest */;
			productType = "com.apple.product-type.bundle.unit-test";
		};
		320275CE2648C080005DC905 /* firestore-sample-appUITests */ = {
			isa = PBXNativeTarget;
			buildConfigurationList = 320275DE2648C080005DC905 /* Build configuration list for PBXNativeTarget "firestore-sample-appUITests" */;
			buildPhases = (
				C2978A1CE9E0B669AF2E2C56 /* [CP] Check Pods Manifest.lock */,
				320275CB2648C080005DC905 /* Sources */,
				320275CC2648C080005DC905 /* Frameworks */,
				320275CD2648C080005DC905 /* Resources */,
				B1640B9164F6C92C66A50766 /* [CP] Embed Pods Frameworks */,
			);
			buildRules = (
			);
			dependencies = (
				320275D12648C080005DC905 /* PBXTargetDependency */,
			);
			name = "firestore-sample-appUITests";
			productName = "firestore-sample-appUITests";
			productReference = 320275CF2648C080005DC905 /* firestore-sample-appUITests.xctest */;
			productType = "com.apple.product-type.bundle.ui-testing";
		};
/* End PBXNativeTarget section */

/* Begin PBXProject section */
		320275A62648C07B005DC905 /* Project object */ = {
			isa = PBXProject;
			attributes = {
				LastSwiftUpdateCheck = 1240;
				LastUpgradeCheck = 1240;
				TargetAttributes = {
					320275AD2648C07B005DC905 = {
						CreatedOnToolsVersion = 12.4;
					};
					320275C32648C080005DC905 = {
						CreatedOnToolsVersion = 12.4;
						TestTargetID = 320275AD2648C07B005DC905;
					};
					320275CE2648C080005DC905 = {
						CreatedOnToolsVersion = 12.4;
						TestTargetID = 320275AD2648C07B005DC905;
					};
				};
			};
			buildConfigurationList = 320275A92648C07B005DC905 /* Build configuration list for PBXProject "firestore-sample-app" */;
			compatibilityVersion = "Xcode 9.3";
			developmentRegion = en;
			hasScannedForEncodings = 0;
			knownRegions = (
				en,
				Base,
			);
			mainGroup = 320275A52648C07B005DC905;
			productRefGroup = 320275AF2648C07B005DC905 /* Products */;
			projectDirPath = "";
			projectRoot = "";
			targets = (
				320275AD2648C07B005DC905 /* firestore-sample-app */,
				320275C32648C080005DC905 /* firestore-sample-appTests */,
				320275CE2648C080005DC905 /* firestore-sample-appUITests */,
			);
		};
/* End PBXProject section */

/* Begin PBXResourcesBuildPhase section */
		320275AC2648C07B005DC905 /* Resources */ = {
			isa = PBXResourcesBuildPhase;
			buildActionMask = 2147483647;
			files = (
				320275BE2648C07F005DC905 /* LaunchScreen.storyboard in Resources */,
				320275BB2648C07F005DC905 /* Assets.xcassets in Resources */,
				320275B92648C07B005DC905 /* Main.storyboard in Resources */,
			);
			runOnlyForDeploymentPostprocessing = 0;
		};
		320275C22648C080005DC905 /* Resources */ = {
			isa = PBXResourcesBuildPhase;
			buildActionMask = 2147483647;
			files = (
			);
			runOnlyForDeploymentPostprocessing = 0;
		};
		320275CD2648C080005DC905 /* Resources */ = {
			isa = PBXResourcesBuildPhase;
			buildActionMask = 2147483647;
			files = (
			);
			runOnlyForDeploymentPostprocessing = 0;
		};
/* End PBXResourcesBuildPhase section */

/* Begin PBXShellScriptBuildPhase section */
		28AA006DE8DF337075697D75 /* [CP] Check Pods Manifest.lock */ = {
			isa = PBXShellScriptBuildPhase;
			buildActionMask = 2147483647;
			files = (
			);
			inputFileListPaths = (
			);
			inputPaths = (
				"${PODS_PODFILE_DIR_PATH}/Podfile.lock",
				"${PODS_ROOT}/Manifest.lock",
			);
			name = "[CP] Check Pods Manifest.lock";
			outputFileListPaths = (
			);
			outputPaths = (
				"$(DERIVED_FILE_DIR)/Pods-firestore-sample-appTests-checkManifestLockResult.txt",
			);
			runOnlyForDeploymentPostprocessing = 0;
			shellPath = /bin/sh;
			shellScript = "diff \"${PODS_PODFILE_DIR_PATH}/Podfile.lock\" \"${PODS_ROOT}/Manifest.lock\" > /dev/null\nif [ $? != 0 ] ; then\n    # print error to STDERR\n    echo \"error: The sandbox is not in sync with the Podfile.lock. Run 'pod install' or update your CocoaPods installation.\" >&2\n    exit 1\nfi\n# This output is used by Xcode 'outputs' to avoid re-running this script phase.\necho \"SUCCESS\" > \"${SCRIPT_OUTPUT_FILE_0}\"\n";
			showEnvVarsInLog = 0;
		};
		39A4CF8230B91F25499409C9 /* [CP] Embed Pods Frameworks */ = {
			isa = PBXShellScriptBuildPhase;
			buildActionMask = 2147483647;
			files = (
			);
			inputFileListPaths = (
				"${PODS_ROOT}/Target Support Files/Pods-firestore-sample-app/Pods-firestore-sample-app-frameworks-${CONFIGURATION}-input-files.xcfilelist",
			);
			name = "[CP] Embed Pods Frameworks";
			outputFileListPaths = (
				"${PODS_ROOT}/Target Support Files/Pods-firestore-sample-app/Pods-firestore-sample-app-frameworks-${CONFIGURATION}-output-files.xcfilelist",
			);
			runOnlyForDeploymentPostprocessing = 0;
			shellPath = /bin/sh;
			shellScript = "\"${PODS_ROOT}/Target Support Files/Pods-firestore-sample-app/Pods-firestore-sample-app-frameworks.sh\"\n";
			showEnvVarsInLog = 0;
		};
		9170D3FC8B577CE340CE724B /* [CP] Check Pods Manifest.lock */ = {
			isa = PBXShellScriptBuildPhase;
			buildActionMask = 2147483647;
			files = (
			);
			inputFileListPaths = (
			);
			inputPaths = (
				"${PODS_PODFILE_DIR_PATH}/Podfile.lock",
				"${PODS_ROOT}/Manifest.lock",
			);
			name = "[CP] Check Pods Manifest.lock";
			outputFileListPaths = (
			);
			outputPaths = (
				"$(DERIVED_FILE_DIR)/Pods-firestore-sample-app-checkManifestLockResult.txt",
			);
			runOnlyForDeploymentPostprocessing = 0;
			shellPath = /bin/sh;
			shellScript = "diff \"${PODS_PODFILE_DIR_PATH}/Podfile.lock\" \"${PODS_ROOT}/Manifest.lock\" > /dev/null\nif [ $? != 0 ] ; then\n    # print error to STDERR\n    echo \"error: The sandbox is not in sync with the Podfile.lock. Run 'pod install' or update your CocoaPods installation.\" >&2\n    exit 1\nfi\n# This output is used by Xcode 'outputs' to avoid re-running this script phase.\necho \"SUCCESS\" > \"${SCRIPT_OUTPUT_FILE_0}\"\n";
			showEnvVarsInLog = 0;
		};
		B1640B9164F6C92C66A50766 /* [CP] Embed Pods Frameworks */ = {
			isa = PBXShellScriptBuildPhase;
			buildActionMask = 2147483647;
			files = (
			);
			inputFileListPaths = (
				"${PODS_ROOT}/Target Support Files/Pods-firestore-sample-app-firestore-sample-appUITests/Pods-firestore-sample-app-firestore-sample-appUITests-frameworks-${CONFIGURATION}-input-files.xcfilelist",
			);
			name = "[CP] Embed Pods Frameworks";
			outputFileListPaths = (
				"${PODS_ROOT}/Target Support Files/Pods-firestore-sample-app-firestore-sample-appUITests/Pods-firestore-sample-app-firestore-sample-appUITests-frameworks-${CONFIGURATION}-output-files.xcfilelist",
			);
			runOnlyForDeploymentPostprocessing = 0;
			shellPath = /bin/sh;
			shellScript = "\"${PODS_ROOT}/Target Support Files/Pods-firestore-sample-app-firestore-sample-appUITests/Pods-firestore-sample-app-firestore-sample-appUITests-frameworks.sh\"\n";
			showEnvVarsInLog = 0;
		};
		C2978A1CE9E0B669AF2E2C56 /* [CP] Check Pods Manifest.lock */ = {
			isa = PBXShellScriptBuildPhase;
			buildActionMask = 2147483647;
			files = (
			);
			inputFileListPaths = (
			);
			inputPaths = (
				"${PODS_PODFILE_DIR_PATH}/Podfile.lock",
				"${PODS_ROOT}/Manifest.lock",
			);
			name = "[CP] Check Pods Manifest.lock";
			outputFileListPaths = (
			);
			outputPaths = (
				"$(DERIVED_FILE_DIR)/Pods-firestore-sample-app-firestore-sample-appUITests-checkManifestLockResult.txt",
			);
			runOnlyForDeploymentPostprocessing = 0;
			shellPath = /bin/sh;
			shellScript = "diff \"${PODS_PODFILE_DIR_PATH}/Podfile.lock\" \"${PODS_ROOT}/Manifest.lock\" > /dev/null\nif [ $? != 0 ] ; then\n    # print error to STDERR\n    echo \"error: The sandbox is not in sync with the Podfile.lock. Run 'pod install' or update your CocoaPods installation.\" >&2\n    exit 1\nfi\n# This output is used by Xcode 'outputs' to avoid re-running this script phase.\necho \"SUCCESS\" > \"${SCRIPT_OUTPUT_FILE_0}\"\n";
			showEnvVarsInLog = 0;
		};
/* End PBXShellScriptBuildPhase section */

/* Begin PBXSourcesBuildPhase section */
		320275AA2648C07B005DC905 /* Sources */ = {
			isa = PBXSourcesBuildPhase;
			buildActionMask = 2147483647;
			files = (
				320275B62648C07B005DC905 /* ViewController.swift in Sources */,
				320275B22648C07B005DC905 /* AppDelegate.swift in Sources */,
				320275B42648C07B005DC905 /* SceneDelegate.swift in Sources */,
			);
			runOnlyForDeploymentPostprocessing = 0;
		};
		320275C02648C080005DC905 /* Sources */ = {
			isa = PBXSourcesBuildPhase;
			buildActionMask = 2147483647;
			files = (
				320275C92648C080005DC905 /* firestore_sample_appTests.swift in Sources */,
			);
			runOnlyForDeploymentPostprocessing = 0;
		};
		320275CB2648C080005DC905 /* Sources */ = {
			isa = PBXSourcesBuildPhase;
			buildActionMask = 2147483647;
			files = (
				320275D42648C080005DC905 /* firestore_sample_appUITests.swift in Sources */,
			);
			runOnlyForDeploymentPostprocessing = 0;
		};
/* End PBXSourcesBuildPhase section */

/* Begin PBXTargetDependency section */
		320275C62648C080005DC905 /* PBXTargetDependency */ = {
			isa = PBXTargetDependency;
			target = 320275AD2648C07B005DC905 /* firestore-sample-app */;
			targetProxy = 320275C52648C080005DC905 /* PBXContainerItemProxy */;
		};
		320275D12648C080005DC905 /* PBXTargetDependency */ = {
			isa = PBXTargetDependency;
			target = 320275AD2648C07B005DC905 /* firestore-sample-app */;
			targetProxy = 320275D02648C080005DC905 /* PBXContainerItemProxy */;
		};
/* End PBXTargetDependency section */

/* Begin PBXVariantGroup section */
		320275B72648C07B005DC905 /* Main.storyboard */ = {
			isa = PBXVariantGroup;
			children = (
				320275B82648C07B005DC905 /* Base */,
			);
			name = Main.storyboard;
			sourceTree = "<group>";
		};
		320275BC2648C07F005DC905 /* LaunchScreen.storyboard */ = {
			isa = PBXVariantGroup;
			children = (
				320275BD2648C07F005DC905 /* Base */,
			);
			name = LaunchScreen.storyboard;
			sourceTree = "<group>";
		};
/* End PBXVariantGroup section */

/* Begin XCBuildConfiguration section */
		320275D62648C080005DC905 /* Debug */ = {
			isa = XCBuildConfiguration;
			buildSettings = {
				ALWAYS_SEARCH_USER_PATHS = NO;
				CLANG_ANALYZER_NONNULL = YES;
				CLANG_ANALYZER_NUMBER_OBJECT_CONVERSION = YES_AGGRESSIVE;
				CLANG_CXX_LANGUAGE_STANDARD = "gnu++14";
				CLANG_CXX_LIBRARY = "libc++";
				CLANG_ENABLE_MODULES = YES;
				CLANG_ENABLE_OBJC_ARC = YES;
				CLANG_ENABLE_OBJC_WEAK = YES;
				CLANG_WARN_BLOCK_CAPTURE_AUTORELEASING = YES;
				CLANG_WARN_BOOL_CONVERSION = YES;
				CLANG_WARN_COMMA = YES;
				CLANG_WARN_CONSTANT_CONVERSION = YES;
				CLANG_WARN_DEPRECATED_OBJC_IMPLEMENTATIONS = YES;
				CLANG_WARN_DIRECT_OBJC_ISA_USAGE = YES_ERROR;
				CLANG_WARN_DOCUMENTATION_COMMENTS = YES;
				CLANG_WARN_EMPTY_BODY = YES;
				CLANG_WARN_ENUM_CONVERSION = YES;
				CLANG_WARN_INFINITE_RECURSION = YES;
				CLANG_WARN_INT_CONVERSION = YES;
				CLANG_WARN_NON_LITERAL_NULL_CONVERSION = YES;
				CLANG_WARN_OBJC_IMPLICIT_RETAIN_SELF = YES;
				CLANG_WARN_OBJC_LITERAL_CONVERSION = YES;
				CLANG_WARN_OBJC_ROOT_CLASS = YES_ERROR;
				CLANG_WARN_QUOTED_INCLUDE_IN_FRAMEWORK_HEADER = YES;
				CLANG_WARN_RANGE_LOOP_ANALYSIS = YES;
				CLANG_WARN_STRICT_PROTOTYPES = YES;
				CLANG_WARN_SUSPICIOUS_MOVE = YES;
				CLANG_WARN_UNGUARDED_AVAILABILITY = YES_AGGRESSIVE;
				CLANG_WARN_UNREACHABLE_CODE = YES;
				CLANG_WARN__DUPLICATE_METHOD_MATCH = YES;
				COPY_PHASE_STRIP = NO;
				DEBUG_INFORMATION_FORMAT = dwarf;
				ENABLE_STRICT_OBJC_MSGSEND = YES;
				ENABLE_TESTABILITY = YES;
				GCC_C_LANGUAGE_STANDARD = gnu11;
				GCC_DYNAMIC_NO_PIC = NO;
				GCC_NO_COMMON_BLOCKS = YES;
				GCC_OPTIMIZATION_LEVEL = 0;
				GCC_PREPROCESSOR_DEFINITIONS = (
					"DEBUG=1",
					"$(inherited)",
				);
				GCC_WARN_64_TO_32_BIT_CONVERSION = YES;
				GCC_WARN_ABOUT_RETURN_TYPE = YES_ERROR;
				GCC_WARN_UNDECLARED_SELECTOR = YES;
				GCC_WARN_UNINITIALIZED_AUTOS = YES_AGGRESSIVE;
				GCC_WARN_UNUSED_FUNCTION = YES;
				GCC_WARN_UNUSED_VARIABLE = YES;
				IPHONEOS_DEPLOYMENT_TARGET = 14.4;
				MTL_ENABLE_DEBUG_INFO = INCLUDE_SOURCE;
				MTL_FAST_MATH = YES;
				ONLY_ACTIVE_ARCH = YES;
				SDKROOT = iphoneos;
				SWIFT_ACTIVE_COMPILATION_CONDITIONS = DEBUG;
				SWIFT_OPTIMIZATION_LEVEL = "-Onone";
			};
			name = Debug;
		};
		320275D72648C080005DC905 /* Release */ = {
			isa = XCBuildConfiguration;
			buildSettings = {
				ALWAYS_SEARCH_USER_PATHS = NO;
				CLANG_ANALYZER_NONNULL = YES;
				CLANG_ANALYZER_NUMBER_OBJECT_CONVERSION = YES_AGGRESSIVE;
				CLANG_CXX_LANGUAGE_STANDARD = "gnu++14";
				CLANG_CXX_LIBRARY = "libc++";
				CLANG_ENABLE_MODULES = YES;
				CLANG_ENABLE_OBJC_ARC = YES;
				CLANG_ENABLE_OBJC_WEAK = YES;
				CLANG_WARN_BLOCK_CAPTURE_AUTORELEASING = YES;
				CLANG_WARN_BOOL_CONVERSION = YES;
				CLANG_WARN_COMMA = YES;
				CLANG_WARN_CONSTANT_CONVERSION = YES;
				CLANG_WARN_DEPRECATED_OBJC_IMPLEMENTATIONS = YES;
				CLANG_WARN_DIRECT_OBJC_ISA_USAGE = YES_ERROR;
				CLANG_WARN_DOCUMENTATION_COMMENTS = YES;
				CLANG_WARN_EMPTY_BODY = YES;
				CLANG_WARN_ENUM_CONVERSION = YES;
				CLANG_WARN_INFINITE_RECURSION = YES;
				CLANG_WARN_INT_CONVERSION = YES;
				CLANG_WARN_NON_LITERAL_NULL_CONVERSION = YES;
				CLANG_WARN_OBJC_IMPLICIT_RETAIN_SELF = YES;
				CLANG_WARN_OBJC_LITERAL_CONVERSION = YES;
				CLANG_WARN_OBJC_ROOT_CLASS = YES_ERROR;
				CLANG_WARN_QUOTED_INCLUDE_IN_FRAMEWORK_HEADER = YES;
				CLANG_WARN_RANGE_LOOP_ANALYSIS = YES;
				CLANG_WARN_STRICT_PROTOTYPES = YES;
				CLANG_WARN_SUSPICIOUS_MOVE = YES;
				CLANG_WARN_UNGUARDED_AVAILABILITY = YES_AGGRESSIVE;
				CLANG_WARN_UNREACHABLE_CODE = YES;
				CLANG_WARN__DUPLICATE_METHOD_MATCH = YES;
				COPY_PHASE_STRIP = NO;
				DEBUG_INFORMATION_FORMAT = "dwarf-with-dsym";
				ENABLE_NS_ASSERTIONS = NO;
				ENABLE_STRICT_OBJC_MSGSEND = YES;
				GCC_C_LANGUAGE_STANDARD = gnu11;
				GCC_NO_COMMON_BLOCKS = YES;
				GCC_WARN_64_TO_32_BIT_CONVERSION = YES;
				GCC_WARN_ABOUT_RETURN_TYPE = YES_ERROR;
				GCC_WARN_UNDECLARED_SELECTOR = YES;
				GCC_WARN_UNINITIALIZED_AUTOS = YES_AGGRESSIVE;
				GCC_WARN_UNUSED_FUNCTION = YES;
				GCC_WARN_UNUSED_VARIABLE = YES;
				IPHONEOS_DEPLOYMENT_TARGET = 14.4;
				MTL_ENABLE_DEBUG_INFO = NO;
				MTL_FAST_MATH = YES;
				SDKROOT = iphoneos;
				SWIFT_COMPILATION_MODE = wholemodule;
				SWIFT_OPTIMIZATION_LEVEL = "-O";
				VALIDATE_PRODUCT = YES;
			};
			name = Release;
		};
		320275D92648C080005DC905 /* Debug */ = {
			isa = XCBuildConfiguration;
			baseConfigurationReference = D35574730DBCB612840C4D31 /* Pods-firestore-sample-app.debug.xcconfig */;
			buildSettings = {
				ASSETCATALOG_COMPILER_APPICON_NAME = AppIcon;
				ASSETCATALOG_COMPILER_GLOBAL_ACCENT_COLOR_NAME = AccentColor;
				CODE_SIGN_STYLE = Automatic;
				INFOPLIST_FILE = "firestore-sample-app/Info.plist";
				LD_RUNPATH_SEARCH_PATHS = (
					"$(inherited)",
					"@executable_path/Frameworks",
				);
				PRODUCT_BUNDLE_IDENTIFIER = "com.firestore-sample-app";
				PRODUCT_NAME = "$(TARGET_NAME)";
				SWIFT_VERSION = 5.0;
				TARGETED_DEVICE_FAMILY = "1,2";
			};
			name = Debug;
		};
		320275DA2648C080005DC905 /* Release */ = {
			isa = XCBuildConfiguration;
			baseConfigurationReference = B1E8E09B9683E680BE92EAF0 /* Pods-firestore-sample-app.release.xcconfig */;
			buildSettings = {
				ASSETCATALOG_COMPILER_APPICON_NAME = AppIcon;
				ASSETCATALOG_COMPILER_GLOBAL_ACCENT_COLOR_NAME = AccentColor;
				CODE_SIGN_STYLE = Automatic;
				INFOPLIST_FILE = "firestore-sample-app/Info.plist";
				LD_RUNPATH_SEARCH_PATHS = (
					"$(inherited)",
					"@executable_path/Frameworks",
				);
				PRODUCT_BUNDLE_IDENTIFIER = "com.firestore-sample-app";
				PRODUCT_NAME = "$(TARGET_NAME)";
				SWIFT_VERSION = 5.0;
				TARGETED_DEVICE_FAMILY = "1,2";
			};
			name = Release;
		};
		320275DC2648C080005DC905 /* Debug */ = {
			isa = XCBuildConfiguration;
			baseConfigurationReference = CACCB9A7EA743ABE9A006794 /* Pods-firestore-sample-appTests.debug.xcconfig */;
			buildSettings = {
				ALWAYS_EMBED_SWIFT_STANDARD_LIBRARIES = YES;
				BUNDLE_LOADER = "$(TEST_HOST)";
				CODE_SIGN_STYLE = Automatic;
				INFOPLIST_FILE = "firestore-sample-appTests/Info.plist";
				IPHONEOS_DEPLOYMENT_TARGET = 14.4;
				LD_RUNPATH_SEARCH_PATHS = (
					"$(inherited)",
					"@executable_path/Frameworks",
					"@loader_path/Frameworks",
				);
				PRODUCT_BUNDLE_IDENTIFIER = "com.firestore-sample-appTests";
				PRODUCT_NAME = "$(TARGET_NAME)";
				SWIFT_VERSION = 5.0;
				TARGETED_DEVICE_FAMILY = "1,2";
				TEST_HOST = "$(BUILT_PRODUCTS_DIR)/firestore-sample-app.app/firestore-sample-app";
			};
			name = Debug;
		};
		320275DD2648C080005DC905 /* Release */ = {
			isa = XCBuildConfiguration;
			baseConfigurationReference = BA8851A1BD8D7924766B994D /* Pods-firestore-sample-appTests.release.xcconfig */;
			buildSettings = {
				ALWAYS_EMBED_SWIFT_STANDARD_LIBRARIES = YES;
				BUNDLE_LOADER = "$(TEST_HOST)";
				CODE_SIGN_STYLE = Automatic;
				INFOPLIST_FILE = "firestore-sample-appTests/Info.plist";
				IPHONEOS_DEPLOYMENT_TARGET = 14.4;
				LD_RUNPATH_SEARCH_PATHS = (
					"$(inherited)",
					"@executable_path/Frameworks",
					"@loader_path/Frameworks",
				);
				PRODUCT_BUNDLE_IDENTIFIER = "com.firestore-sample-appTests";
				PRODUCT_NAME = "$(TARGET_NAME)";
				SWIFT_VERSION = 5.0;
				TARGETED_DEVICE_FAMILY = "1,2";
				TEST_HOST = "$(BUILT_PRODUCTS_DIR)/firestore-sample-app.app/firestore-sample-app";
			};
			name = Release;
		};
		320275DF2648C080005DC905 /* Debug */ = {
			isa = XCBuildConfiguration;
			baseConfigurationReference = A28896BDF5CF729C2C948EA7 /* Pods-firestore-sample-app-firestore-sample-appUITests.debug.xcconfig */;
			buildSettings = {
				ALWAYS_EMBED_SWIFT_STANDARD_LIBRARIES = YES;
				CODE_SIGN_STYLE = Automatic;
				INFOPLIST_FILE = "firestore-sample-appUITests/Info.plist";
				LD_RUNPATH_SEARCH_PATHS = (
					"$(inherited)",
					"@executable_path/Frameworks",
					"@loader_path/Frameworks",
				);
				PRODUCT_BUNDLE_IDENTIFIER = "com.firestore-sample-appUITests";
				PRODUCT_NAME = "$(TARGET_NAME)";
				SWIFT_VERSION = 5.0;
				TARGETED_DEVICE_FAMILY = "1,2";
				TEST_TARGET_NAME = "firestore-sample-app";
			};
			name = Debug;
		};
		320275E02648C080005DC905 /* Release */ = {
			isa = XCBuildConfiguration;
			baseConfigurationReference = FC54C57B6C8C66E8627CC962 /* Pods-firestore-sample-app-firestore-sample-appUITests.release.xcconfig */;
			buildSettings = {
				ALWAYS_EMBED_SWIFT_STANDARD_LIBRARIES = YES;
				CODE_SIGN_STYLE = Automatic;
				INFOPLIST_FILE = "firestore-sample-appUITests/Info.plist";
				LD_RUNPATH_SEARCH_PATHS = (
					"$(inherited)",
					"@executable_path/Frameworks",
					"@loader_path/Frameworks",
				);
				PRODUCT_BUNDLE_IDENTIFIER = "com.firestore-sample-appUITests";
				PRODUCT_NAME = "$(TARGET_NAME)";
				SWIFT_VERSION = 5.0;
				TARGETED_DEVICE_FAMILY = "1,2";
				TEST_TARGET_NAME = "firestore-sample-app";
			};
			name = Release;
		};
/* End XCBuildConfiguration section */

/* Begin XCConfigurationList section */
		320275A92648C07B005DC905 /* Build configuration list for PBXProject "firestore-sample-app" */ = {
			isa = XCConfigurationList;
			buildConfigurations = (
				320275D62648C080005DC905 /* Debug */,
				320275D72648C080005DC905 /* Release */,
			);
			defaultConfigurationIsVisible = 0;
			defaultConfigurationName = Release;
		};
		320275D82648C080005DC905 /* Build configuration list for PBXNativeTarget "firestore-sample-app" */ = {
			isa = XCConfigurationList;
			buildConfigurations = (
				320275D92648C080005DC905 /* Debug */,
				320275DA2648C080005DC905 /* Release */,
			);
			defaultConfigurationIsVisible = 0;
			defaultConfigurationName = Release;
		};
		320275DB2648C080005DC905 /* Build configuration list for PBXNativeTarget "firestore-sample-appTests" */ = {
			isa = XCConfigurationList;
			buildConfigurations = (
				320275DC2648C080005DC905 /* Debug */,
				320275DD2648C080005DC905 /* Release */,
			);
			defaultConfigurationIsVisible = 0;
			defaultConfigurationName = Release;
		};
		320275DE2648C080005DC905 /* Build configuration list for PBXNativeTarget "firestore-sample-appUITests" */ = {
			isa = XCConfigurationList;
			buildConfigurations = (
				320275DF2648C080005DC905 /* Debug */,
				320275E02648C080005DC905 /* Release */,
			);
			defaultConfigurationIsVisible = 0;
			defaultConfigurationName = Release;
		};
/* End XCConfigurationList section */
	};
	rootObject = 320275A62648C07B005DC905 /* Project object */;
}
